
Microsoft Visual Studio Solution File, Format Version 12.00
# Visual Studio Version 16
VisualStudioVersion = 16.0.33130.400
MinimumVisualStudioVersion = 10.0.40219.1
Project("{9A19103F-16F7-4668-BE54-9A1E7A4F7556}") = "ClienteUpd8.Aplicacao", "ClienteUpd8.Webapp\ClienteUpd8.Aplicacao.csproj", "{AEF48D60-AAE9-4FC4-AB55-3B028B978465}"
EndProject
Project("{9A19103F-16F7-4668-BE54-9A1E7A4F7556}") = "ClienteUpd8.Api", "ClienteUpd8.Api\ClienteUpd8.Api.csproj", "{C1A6F9B2-07A5-43B7-8D03-859B14663E26}"
EndProject
Global
	GlobalSection(SolutionConfigurationPlatforms) = preSolution
		Debug|Any CPU = Debug|Any CPU
		Release|Any CPU = Release|Any CPU
	EndGlobalSection
	GlobalSection(ProjectConfigurationPlatforms) = postSolution
		{AEF48D60-AAE9-4FC4-AB55-3B028B978465}.Debug|Any CPU.ActiveCfg = Debug|Any CPU
		{AEF48D60-AAE9-4FC4-AB55-3B028B978465}.Debug|Any CPU.Build.0 = Debug|Any CPU
		{AEF48D60-AAE9-4FC4-AB55-3B028B978465}.Release|Any CPU.ActiveCfg = Release|Any CPU
		{AEF48D60-AAE9-4FC4-AB55-3B028B978465}.Release|Any CPU.Build.0 = Release|Any CPU
		{C1A6F9B2-07A5-43B7-8D03-859B14663E26}.Debug|Any CPU.ActiveCfg = Debug|Any CPU
		{C1A6F9B2-07A5-43B7-8D03-859B14663E26}.Debug|Any CPU.Build.0 = Debug|Any CPU
		{C1A6F9B2-07A5-43B7-8D03-859B14663E26}.Release|Any CPU.ActiveCfg = Release|Any CPU
		{C1A6F9B2-07A5-43B7-8D03-859B14663E26}.Release|Any CPU.Build.0 = Release|Any CPU
	EndGlobalSection
	GlobalSection(SolutionProperties) = preSolution
		HideSolutionNode = FALSE
	EndGlobalSection
	GlobalSection(ExtensibilityGlobals) = postSolution
		SolutionGuid = {D44A0DC8-6F37-4D02-AB00-1A94F135ABE6}
	EndGlobalSection
EndGlobal
